
Microsoft Visual Studio Solution File, Format Version 12.00
# Visual Studio 15
VisualStudioVersion = 15.0.26124.0
MinimumVisualStudioVersion = 15.0.26124.0
Project("{FAE04EC0-301F-11D3-BF4B-00C04F79EFBC}") = "FactoryMethod", "FactoryMethod\FactoryMethod.csproj", "{BA5D0142-84D8-449A-93BB-5369E06FA8AA}"
EndProject
Project("{FAE04EC0-301F-11D3-BF4B-00C04F79EFBC}") = "AbstractFactory", "AbstractFactory\AbstractFactory.csproj", "{8728195E-A763-458C-AECC-8C60EFDDB4C0}"
EndProject
Project("{FAE04EC0-301F-11D3-BF4B-00C04F79EFBC}") = "Builder", "Builder\Builder.csproj", "{790B177F-E20A-4819-864D-B8CAE379017C}"
EndProject
Project("{FAE04EC0-301F-11D3-BF4B-00C04F79EFBC}") = "Adapter", "Adapter\Adapter.csproj", "{23B2A576-2447-43AF-872E-2519343EBD02}"
EndProject
Project("{FAE04EC0-301F-11D3-BF4B-00C04F79EFBC}") = "Bridge", "Bridge\Bridge.csproj", "{49FA164D-1F3B-406B-BE54-4B76AD6C1CB5}"
EndProject
Global
	GlobalSection(SolutionConfigurationPlatforms) = preSolution
		Debug|Any CPU = Debug|Any CPU
		Debug|x64 = Debug|x64
		Debug|x86 = Debug|x86
		Release|Any CPU = Release|Any CPU
		Release|x64 = Release|x64
		Release|x86 = Release|x86
	EndGlobalSection
	GlobalSection(SolutionProperties) = preSolution
		HideSolutionNode = FALSE
	EndGlobalSection
	GlobalSection(ProjectConfigurationPlatforms) = postSolution
		{BA5D0142-84D8-449A-93BB-5369E06FA8AA}.Debug|Any CPU.ActiveCfg = Debug|Any CPU
		{BA5D0142-84D8-449A-93BB-5369E06FA8AA}.Debug|Any CPU.Build.0 = Debug|Any CPU
		{BA5D0142-84D8-449A-93BB-5369E06FA8AA}.Debug|x64.ActiveCfg = Debug|Any CPU
		{BA5D0142-84D8-449A-93BB-5369E06FA8AA}.Debug|x64.Build.0 = Debug|Any CPU
		{BA5D0142-84D8-449A-93BB-5369E06FA8AA}.Debug|x86.ActiveCfg = Debug|Any CPU
		{BA5D0142-84D8-449A-93BB-5369E06FA8AA}.Debug|x86.Build.0 = Debug|Any CPU
		{BA5D0142-84D8-449A-93BB-5369E06FA8AA}.Release|Any CPU.ActiveCfg = Release|Any CPU
		{BA5D0142-84D8-449A-93BB-5369E06FA8AA}.Release|Any CPU.Build.0 = Release|Any CPU
		{BA5D0142-84D8-449A-93BB-5369E06FA8AA}.Release|x64.ActiveCfg = Release|Any CPU
		{BA5D0142-84D8-449A-93BB-5369E06FA8AA}.Release|x64.Build.0 = Release|Any CPU
		{BA5D0142-84D8-449A-93BB-5369E06FA8AA}.Release|x86.ActiveCfg = Release|Any CPU
		{BA5D0142-84D8-449A-93BB-5369E06FA8AA}.Release|x86.Build.0 = Release|Any CPU
		{8728195E-A763-458C-AECC-8C60EFDDB4C0}.Debug|Any CPU.ActiveCfg = Debug|Any CPU
		{8728195E-A763-458C-AECC-8C60EFDDB4C0}.Debug|Any CPU.Build.0 = Debug|Any CPU
		{8728195E-A763-458C-AECC-8C60EFDDB4C0}.Debug|x64.ActiveCfg = Debug|Any CPU
		{8728195E-A763-458C-AECC-8C60EFDDB4C0}.Debug|x64.Build.0 = Debug|Any CPU
		{8728195E-A763-458C-AECC-8C60EFDDB4C0}.Debug|x86.ActiveCfg = Debug|Any CPU
		{8728195E-A763-458C-AECC-8C60EFDDB4C0}.Debug|x86.Build.0 = Debug|Any CPU
		{8728195E-A763-458C-AECC-8C60EFDDB4C0}.Release|Any CPU.ActiveCfg = Release|Any CPU
		{8728195E-A763-458C-AECC-8C60EFDDB4C0}.Release|Any CPU.Build.0 = Release|Any CPU
		{8728195E-A763-458C-AECC-8C60EFDDB4C0}.Release|x64.ActiveCfg = Release|Any CPU
		{8728195E-A763-458C-AECC-8C60EFDDB4C0}.Release|x64.Build.0 = Release|Any CPU
		{8728195E-A763-458C-AECC-8C60EFDDB4C0}.Release|x86.ActiveCfg = Release|Any CPU
		{8728195E-A763-458C-AECC-8C60EFDDB4C0}.Release|x86.Build.0 = Release|Any CPU
		{790B177F-E20A-4819-864D-B8CAE379017C}.Debug|Any CPU.ActiveCfg = Debug|Any CPU
		{790B177F-E20A-4819-864D-B8CAE379017C}.Debug|Any CPU.Build.0 = Debug|Any CPU
		{790B177F-E20A-4819-864D-B8CAE379017C}.Debug|x64.ActiveCfg = Debug|Any CPU
		{790B177F-E20A-4819-864D-B8CAE379017C}.Debug|x64.Build.0 = Debug|Any CPU
		{790B177F-E20A-4819-864D-B8CAE379017C}.Debug|x86.ActiveCfg = Debug|Any CPU
		{790B177F-E20A-4819-864D-B8CAE379017C}.Debug|x86.Build.0 = Debug|Any CPU
		{790B177F-E20A-4819-864D-B8CAE379017C}.Release|Any CPU.ActiveCfg = Release|Any CPU
		{790B177F-E20A-4819-864D-B8CAE379017C}.Release|Any CPU.Build.0 = Release|Any CPU
		{790B177F-E20A-4819-864D-B8CAE379017C}.Release|x64.ActiveCfg = Release|Any CPU
		{790B177F-E20A-4819-864D-B8CAE379017C}.Release|x64.Build.0 = Release|Any CPU
		{790B177F-E20A-4819-864D-B8CAE379017C}.Release|x86.ActiveCfg = Release|Any CPU
		{790B177F-E20A-4819-864D-B8CAE379017C}.Release|x86.Build.0 = Release|Any CPU
		{23B2A576-2447-43AF-872E-2519343EBD02}.Debug|Any CPU.ActiveCfg = Debug|Any CPU
		{23B2A576-2447-43AF-872E-2519343EBD02}.Debug|Any CPU.Build.0 = Debug|Any CPU
		{23B2A576-2447-43AF-872E-2519343EBD02}.Debug|x64.ActiveCfg = Debug|Any CPU
		{23B2A576-2447-43AF-872E-2519343EBD02}.Debug|x64.Build.0 = Debug|Any CPU
		{23B2A576-2447-43AF-872E-2519343EBD02}.Debug|x86.ActiveCfg = Debug|Any CPU
		{23B2A576-2447-43AF-872E-2519343EBD02}.Debug|x86.Build.0 = Debug|Any CPU
		{23B2A576-2447-43AF-872E-2519343EBD02}.Release|Any CPU.ActiveCfg = Release|Any CPU
		{23B2A576-2447-43AF-872E-2519343EBD02}.Release|Any CPU.Build.0 = Release|Any CPU
		{23B2A576-2447-43AF-872E-2519343EBD02}.Release|x64.ActiveCfg = Release|Any CPU
		{23B2A576-2447-43AF-872E-2519343EBD02}.Release|x64.Build.0 = Release|Any CPU
		{23B2A576-2447-43AF-872E-2519343EBD02}.Release|x86.ActiveCfg = Release|Any CPU
		{23B2A576-2447-43AF-872E-2519343EBD02}.Release|x86.Build.0 = Release|Any CPU
		{49FA164D-1F3B-406B-BE54-4B76AD6C1CB5}.Debug|Any CPU.ActiveCfg = Debug|Any CPU
		{49FA164D-1F3B-406B-BE54-4B76AD6C1CB5}.Debug|Any CPU.Build.0 = Debug|Any CPU
		{49FA164D-1F3B-406B-BE54-4B76AD6C1CB5}.Debug|x64.ActiveCfg = Debug|Any CPU
		{49FA164D-1F3B-406B-BE54-4B76AD6C1CB5}.Debug|x64.Build.0 = Debug|Any CPU
		{49FA164D-1F3B-406B-BE54-4B76AD6C1CB5}.Debug|x86.ActiveCfg = Debug|Any CPU
		{49FA164D-1F3B-406B-BE54-4B76AD6C1CB5}.Debug|x86.Build.0 = Debug|Any CPU
		{49FA164D-1F3B-406B-BE54-4B76AD6C1CB5}.Release|Any CPU.ActiveCfg = Release|Any CPU
		{49FA164D-1F3B-406B-BE54-4B76AD6C1CB5}.Release|Any CPU.Build.0 = Release|Any CPU
		{49FA164D-1F3B-406B-BE54-4B76AD6C1CB5}.Release|x64.ActiveCfg = Release|Any CPU
		{49FA164D-1F3B-406B-BE54-4B76AD6C1CB5}.Release|x64.Build.0 = Release|Any CPU
		{49FA164D-1F3B-406B-BE54-4B76AD6C1CB5}.Release|x86.ActiveCfg = Release|Any CPU
		{49FA164D-1F3B-406B-BE54-4B76AD6C1CB5}.Release|x86.Build.0 = Release|Any CPU
	EndGlobalSection
EndGlobal
